
Microsoft Visual Studio Solution File, Format Version 12.00
# Visual Studio Version 16
VisualStudioVersion = 16.0.31624.102
MinimumVisualStudioVersion = 10.0.40219.1
Project("{9A19103F-16F7-4668-BE54-9A1E7A4F7556}") = "SquaresGame", "SquaresGame\SquaresGame.csproj", "{2306C032-8773-419E-ACA6-B34BDE9012F8}"
EndProject
Project("{FAE04EC0-301F-11D3-BF4B-00C04F79EFBC}") = "TestSquaresGame", "TestSquaresGame\TestSquaresGame.csproj", "{89FC9026-CF19-4F4F-A715-C54ADBBF675C}"
EndProject
Global
	GlobalSection(SolutionConfigurationPlatforms) = preSolution
		Debug|Any CPU = Debug|Any CPU
		Release|Any CPU = Release|Any CPU
	EndGlobalSection
	GlobalSection(ProjectConfigurationPlatforms) = postSolution
		{2306C032-8773-419E-ACA6-B34BDE9012F8}.Debug|Any CPU.ActiveCfg = Debug|Any CPU
		{2306C032-8773-419E-ACA6-B34BDE9012F8}.Debug|Any CPU.Build.0 = Debug|Any CPU
		{2306C032-8773-419E-ACA6-B34BDE9012F8}.Release|Any CPU.ActiveCfg = Release|Any CPU
		{2306C032-8773-419E-ACA6-B34BDE9012F8}.Release|Any CPU.Build.0 = Release|Any CPU
		{89FC9026-CF19-4F4F-A715-C54ADBBF675C}.Debug|Any CPU.ActiveCfg = Debug|Any CPU
		{89FC9026-CF19-4F4F-A715-C54ADBBF675C}.Debug|Any CPU.Build.0 = Debug|Any CPU
		{89FC9026-CF19-4F4F-A715-C54ADBBF675C}.Release|Any CPU.ActiveCfg = Release|Any CPU
		{89FC9026-CF19-4F4F-A715-C54ADBBF675C}.Release|Any CPU.Build.0 = Release|Any CPU
	EndGlobalSection
	GlobalSection(SolutionProperties) = preSolution
		HideSolutionNode = FALSE
	EndGlobalSection
	GlobalSection(ExtensibilityGlobals) = postSolution
		SolutionGuid = {DA6E8BB4-DFDD-49C4-8B9F-7034288E8FBF}
	EndGlobalSection
EndGlobal
