
Microsoft Visual Studio Solution File, Format Version 12.00
# Visual Studio Version 17
VisualStudioVersion = 17.0.31903.59
MinimumVisualStudioVersion = 10.0.40219.1
Project("{9A19103F-16F7-4668-BE54-9A1E7A4F7556}") = "SquaresGameWpf", "SquaresGameWpf\SquaresGameWpf.csproj", "{FC66FBA4-0436-480D-9DC8-EC0C59A904B2}"
EndProject
Project("{FAE04EC0-301F-11D3-BF4B-00C04F79EFBC}") = "TestSquaresGameWpf", "TestSquaresGameWpf\TestSquaresGameWpf.csproj", "{A8C2BB68-A5D3-4FB5-AE26-F5CC03D415F2}"
EndProject
Global
	GlobalSection(SolutionConfigurationPlatforms) = preSolution
		Debug|Any CPU = Debug|Any CPU
		Release|Any CPU = Release|Any CPU
	EndGlobalSection
	GlobalSection(ProjectConfigurationPlatforms) = postSolution
		{FC66FBA4-0436-480D-9DC8-EC0C59A904B2}.Debug|Any CPU.ActiveCfg = Debug|Any CPU
		{FC66FBA4-0436-480D-9DC8-EC0C59A904B2}.Debug|Any CPU.Build.0 = Debug|Any CPU
		{FC66FBA4-0436-480D-9DC8-EC0C59A904B2}.Release|Any CPU.ActiveCfg = Release|Any CPU
		{FC66FBA4-0436-480D-9DC8-EC0C59A904B2}.Release|Any CPU.Build.0 = Release|Any CPU
		{A8C2BB68-A5D3-4FB5-AE26-F5CC03D415F2}.Debug|Any CPU.ActiveCfg = Debug|Any CPU
		{A8C2BB68-A5D3-4FB5-AE26-F5CC03D415F2}.Debug|Any CPU.Build.0 = Debug|Any CPU
		{A8C2BB68-A5D3-4FB5-AE26-F5CC03D415F2}.Release|Any CPU.ActiveCfg = Release|Any CPU
		{A8C2BB68-A5D3-4FB5-AE26-F5CC03D415F2}.Release|Any CPU.Build.0 = Release|Any CPU
	EndGlobalSection
	GlobalSection(SolutionProperties) = preSolution
		HideSolutionNode = FALSE
	EndGlobalSection
	GlobalSection(ExtensibilityGlobals) = postSolution
		SolutionGuid = {B2C7DCC2-A7CB-4E2A-824A-1C3218F30729}
	EndGlobalSection
EndGlobal
