
Microsoft Visual Studio Solution File, Format Version 12.00
# Visual Studio Version 16
VisualStudioVersion = 16.0.31702.278
MinimumVisualStudioVersion = 10.0.40219.1
Project("{9A19103F-16F7-4668-BE54-9A1E7A4F7556}") = "TowerDefense", "TowerDefense.csproj", "{2542EF1C-33E4-4A4A-95DE-A92D2BE8B23D}"
EndProject
Project("{FAE04EC0-301F-11D3-BF4B-00C04F79EFBC}") = "TowerDefenseUnitTest", "..\TowerDefenseUnitTest\TowerDefenseUnitTest.csproj", "{1255CEC4-5A90-4238-AAA6-0E778EC7CF50}"
EndProject
Global
	GlobalSection(SolutionConfigurationPlatforms) = preSolution
		Debug|Any CPU = Debug|Any CPU
		Release|Any CPU = Release|Any CPU
	EndGlobalSection
	GlobalSection(ProjectConfigurationPlatforms) = postSolution
		{2542EF1C-33E4-4A4A-95DE-A92D2BE8B23D}.Debug|Any CPU.ActiveCfg = Debug|Any CPU
		{2542EF1C-33E4-4A4A-95DE-A92D2BE8B23D}.Debug|Any CPU.Build.0 = Debug|Any CPU
		{2542EF1C-33E4-4A4A-95DE-A92D2BE8B23D}.Release|Any CPU.ActiveCfg = Release|Any CPU
		{2542EF1C-33E4-4A4A-95DE-A92D2BE8B23D}.Release|Any CPU.Build.0 = Release|Any CPU
		{1255CEC4-5A90-4238-AAA6-0E778EC7CF50}.Debug|Any CPU.ActiveCfg = Debug|Any CPU
		{1255CEC4-5A90-4238-AAA6-0E778EC7CF50}.Debug|Any CPU.Build.0 = Debug|Any CPU
		{1255CEC4-5A90-4238-AAA6-0E778EC7CF50}.Release|Any CPU.ActiveCfg = Release|Any CPU
		{1255CEC4-5A90-4238-AAA6-0E778EC7CF50}.Release|Any CPU.Build.0 = Release|Any CPU
	EndGlobalSection
	GlobalSection(SolutionProperties) = preSolution
		HideSolutionNode = FALSE
	EndGlobalSection
	GlobalSection(ExtensibilityGlobals) = postSolution
		SolutionGuid = {D55EBAD5-C15C-429D-A33A-7F5738A06D66}
	EndGlobalSection
EndGlobal
